
Microsoft Visual Studio Solution File, Format Version 12.00
# Visual Studio Version 16
VisualStudioVersion = 16.0.30011.22
MinimumVisualStudioVersion = 10.0.40219.1
Project("{FAE04EC0-301F-11D3-BF4B-00C04F79EFBC}") = "LinkedListExample", "LinkedList\LinkedListExample.csproj", "{18A19EB6-6A45-4A97-B210-693ECC5B2DC5}"
EndProject
Project("{FAE04EC0-301F-11D3-BF4B-00C04F79EFBC}") = "DelegateExample", "DelegateExample\DelegateExample.csproj", "{C7B85A0B-6F80-4EE9-945E-51470F55FD63}"
EndProject
Project("{FAE04EC0-301F-11D3-BF4B-00C04F79EFBC}") = "InheritanceExample", "InheritanceExample\InheritanceExample.csproj", "{7270929F-1DA5-4C51-98A9-2F3D70DE662C}"
EndProject
Project("{FAE04EC0-301F-11D3-BF4B-00C04F79EFBC}") = "OOExample", "OOExample\OOExample.csproj", "{07AA691A-DA79-4B31-B537-74D988E20CD1}"
EndProject
Project("{9A19103F-16F7-4668-BE54-9A1E7A4F7556}") = "AsyncExample", "AsyncExample\AsyncExample.csproj", "{72D761ED-0E3C-4275-8472-5A052853A589}"
EndProject
Project("{9A19103F-16F7-4668-BE54-9A1E7A4F7556}") = "EventExample", "EventExample\EventExample.csproj", "{D4FFAF56-3140-499F-8502-684FB21A6AB4}"
EndProject
Project("{9A19103F-16F7-4668-BE54-9A1E7A4F7556}") = "DatabindingExample", "DatabindingExample\DatabindingExample.csproj", "{3F897BF8-FAA2-496C-B28A-4BCBC793241D}"
EndProject
Project("{9A19103F-16F7-4668-BE54-9A1E7A4F7556}") = "ValueReferenceExample", "ValueReferenceExample\ValueReferenceExample.csproj", "{C1439DE1-78CD-4C28-A596-52902356AEA9}"
EndProject
Project("{FAE04EC0-301F-11D3-BF4B-00C04F79EFBC}") = "EventArgsExample", "EventArgsExample\EventArgsExample.csproj", "{936A71A1-C9ED-4883-BA78-283BDB94A688}"
EndProject
Global
	GlobalSection(SolutionConfigurationPlatforms) = preSolution
		Debug|Any CPU = Debug|Any CPU
		Release|Any CPU = Release|Any CPU
	EndGlobalSection
	GlobalSection(ProjectConfigurationPlatforms) = postSolution
		{18A19EB6-6A45-4A97-B210-693ECC5B2DC5}.Debug|Any CPU.ActiveCfg = Debug|Any CPU
		{18A19EB6-6A45-4A97-B210-693ECC5B2DC5}.Debug|Any CPU.Build.0 = Debug|Any CPU
		{18A19EB6-6A45-4A97-B210-693ECC5B2DC5}.Release|Any CPU.ActiveCfg = Release|Any CPU
		{18A19EB6-6A45-4A97-B210-693ECC5B2DC5}.Release|Any CPU.Build.0 = Release|Any CPU
		{C7B85A0B-6F80-4EE9-945E-51470F55FD63}.Debug|Any CPU.ActiveCfg = Debug|Any CPU
		{C7B85A0B-6F80-4EE9-945E-51470F55FD63}.Debug|Any CPU.Build.0 = Debug|Any CPU
		{C7B85A0B-6F80-4EE9-945E-51470F55FD63}.Release|Any CPU.ActiveCfg = Release|Any CPU
		{C7B85A0B-6F80-4EE9-945E-51470F55FD63}.Release|Any CPU.Build.0 = Release|Any CPU
		{7270929F-1DA5-4C51-98A9-2F3D70DE662C}.Debug|Any CPU.ActiveCfg = Debug|Any CPU
		{7270929F-1DA5-4C51-98A9-2F3D70DE662C}.Debug|Any CPU.Build.0 = Debug|Any CPU
		{7270929F-1DA5-4C51-98A9-2F3D70DE662C}.Release|Any CPU.ActiveCfg = Release|Any CPU
		{7270929F-1DA5-4C51-98A9-2F3D70DE662C}.Release|Any CPU.Build.0 = Release|Any CPU
		{07AA691A-DA79-4B31-B537-74D988E20CD1}.Debug|Any CPU.ActiveCfg = Debug|Any CPU
		{07AA691A-DA79-4B31-B537-74D988E20CD1}.Debug|Any CPU.Build.0 = Debug|Any CPU
		{07AA691A-DA79-4B31-B537-74D988E20CD1}.Release|Any CPU.ActiveCfg = Release|Any CPU
		{07AA691A-DA79-4B31-B537-74D988E20CD1}.Release|Any CPU.Build.0 = Release|Any CPU
		{72D761ED-0E3C-4275-8472-5A052853A589}.Debug|Any CPU.ActiveCfg = Debug|Any CPU
		{72D761ED-0E3C-4275-8472-5A052853A589}.Debug|Any CPU.Build.0 = Debug|Any CPU
		{72D761ED-0E3C-4275-8472-5A052853A589}.Release|Any CPU.ActiveCfg = Release|Any CPU
		{72D761ED-0E3C-4275-8472-5A052853A589}.Release|Any CPU.Build.0 = Release|Any CPU
		{D4FFAF56-3140-499F-8502-684FB21A6AB4}.Debug|Any CPU.ActiveCfg = Debug|Any CPU
		{D4FFAF56-3140-499F-8502-684FB21A6AB4}.Debug|Any CPU.Build.0 = Debug|Any CPU
		{D4FFAF56-3140-499F-8502-684FB21A6AB4}.Release|Any CPU.ActiveCfg = Release|Any CPU
		{D4FFAF56-3140-499F-8502-684FB21A6AB4}.Release|Any CPU.Build.0 = Release|Any CPU
		{3F897BF8-FAA2-496C-B28A-4BCBC793241D}.Debug|Any CPU.ActiveCfg = Debug|Any CPU
		{3F897BF8-FAA2-496C-B28A-4BCBC793241D}.Debug|Any CPU.Build.0 = Debug|Any CPU
		{3F897BF8-FAA2-496C-B28A-4BCBC793241D}.Release|Any CPU.ActiveCfg = Release|Any CPU
		{3F897BF8-FAA2-496C-B28A-4BCBC793241D}.Release|Any CPU.Build.0 = Release|Any CPU
		{C1439DE1-78CD-4C28-A596-52902356AEA9}.Debug|Any CPU.ActiveCfg = Debug|Any CPU
		{C1439DE1-78CD-4C28-A596-52902356AEA9}.Debug|Any CPU.Build.0 = Debug|Any CPU
		{C1439DE1-78CD-4C28-A596-52902356AEA9}.Release|Any CPU.ActiveCfg = Release|Any CPU
		{C1439DE1-78CD-4C28-A596-52902356AEA9}.Release|Any CPU.Build.0 = Release|Any CPU
		{936A71A1-C9ED-4883-BA78-283BDB94A688}.Debug|Any CPU.ActiveCfg = Debug|Any CPU
		{936A71A1-C9ED-4883-BA78-283BDB94A688}.Debug|Any CPU.Build.0 = Debug|Any CPU
		{936A71A1-C9ED-4883-BA78-283BDB94A688}.Release|Any CPU.ActiveCfg = Release|Any CPU
		{936A71A1-C9ED-4883-BA78-283BDB94A688}.Release|Any CPU.Build.0 = Release|Any CPU
	EndGlobalSection
	GlobalSection(SolutionProperties) = preSolution
		HideSolutionNode = FALSE
	EndGlobalSection
	GlobalSection(ExtensibilityGlobals) = postSolution
		SolutionGuid = {EF7D0843-0902-4015-84EE-68201007D6E4}
	EndGlobalSection
EndGlobal
